
Microsoft Visual Studio Solution File, Format Version 12.00
# Visual Studio Version 17
VisualStudioVersion = 17.4.33213.308
MinimumVisualStudioVersion = 10.0.40219.1
Project("{9A19103F-16F7-4668-BE54-9A1E7A4F7556}") = "Shopping.Client", "Shopping.Client\Shopping.Client.csproj", "{15056A76-1830-442E-8CDD-66F1C59141F9}"
EndProject
Project("{9A19103F-16F7-4668-BE54-9A1E7A4F7556}") = "Shopping.API", "Shopping.API\Shopping.API.csproj", "{A9900768-A72D-43C9-BAF1-CD16FD1358CC}"
EndProject
Project("{E53339B2-1760-4266-BCC7-CA923CBCF16C}") = "docker-compose", "docker-compose.dcproj", "{853EB82D-DF3B-431F-9B16-AA9E7928BBD7}"
EndProject
Global
	GlobalSection(SolutionConfigurationPlatforms) = preSolution
		Debug|Any CPU = Debug|Any CPU
		Release|Any CPU = Release|Any CPU
	EndGlobalSection
	GlobalSection(ProjectConfigurationPlatforms) = postSolution
		{15056A76-1830-442E-8CDD-66F1C59141F9}.Debug|Any CPU.ActiveCfg = Debug|Any CPU
		{15056A76-1830-442E-8CDD-66F1C59141F9}.Debug|Any CPU.Build.0 = Debug|Any CPU
		{15056A76-1830-442E-8CDD-66F1C59141F9}.Release|Any CPU.ActiveCfg = Release|Any CPU
		{15056A76-1830-442E-8CDD-66F1C59141F9}.Release|Any CPU.Build.0 = Release|Any CPU
		{A9900768-A72D-43C9-BAF1-CD16FD1358CC}.Debug|Any CPU.ActiveCfg = Debug|Any CPU
		{A9900768-A72D-43C9-BAF1-CD16FD1358CC}.Debug|Any CPU.Build.0 = Debug|Any CPU
		{A9900768-A72D-43C9-BAF1-CD16FD1358CC}.Release|Any CPU.ActiveCfg = Release|Any CPU
		{A9900768-A72D-43C9-BAF1-CD16FD1358CC}.Release|Any CPU.Build.0 = Release|Any CPU
		{853EB82D-DF3B-431F-9B16-AA9E7928BBD7}.Debug|Any CPU.ActiveCfg = Debug|Any CPU
		{853EB82D-DF3B-431F-9B16-AA9E7928BBD7}.Debug|Any CPU.Build.0 = Debug|Any CPU
		{853EB82D-DF3B-431F-9B16-AA9E7928BBD7}.Release|Any CPU.ActiveCfg = Release|Any CPU
		{853EB82D-DF3B-431F-9B16-AA9E7928BBD7}.Release|Any CPU.Build.0 = Release|Any CPU
	EndGlobalSection
	GlobalSection(SolutionProperties) = preSolution
		HideSolutionNode = FALSE
	EndGlobalSection
	GlobalSection(ExtensibilityGlobals) = postSolution
		SolutionGuid = {4E054503-C01D-4795-BEE3-FECEA598D790}
	EndGlobalSection
EndGlobal
