
Microsoft Visual Studio Solution File, Format Version 12.00
# Visual Studio Version 17
VisualStudioVersion = 17.4.33213.308
MinimumVisualStudioVersion = 10.0.40219.1
Project("{FAE04EC0-301F-11D3-BF4B-00C04F79EFBC}") = "Shopping.Client", "Shopping.Client\Shopping.Client.csproj", "{15056A76-1830-442E-8CDD-66F1C59141F9}"
EndProject
Global
	GlobalSection(SolutionConfigurationPlatforms) = preSolution
		Debug|Any CPU = Debug|Any CPU
		Release|Any CPU = Release|Any CPU
	EndGlobalSection
	GlobalSection(ProjectConfigurationPlatforms) = postSolution
		{15056A76-1830-442E-8CDD-66F1C59141F9}.Debug|Any CPU.ActiveCfg = Debug|Any CPU
		{15056A76-1830-442E-8CDD-66F1C59141F9}.Debug|Any CPU.Build.0 = Debug|Any CPU
		{15056A76-1830-442E-8CDD-66F1C59141F9}.Release|Any CPU.ActiveCfg = Release|Any CPU
		{15056A76-1830-442E-8CDD-66F1C59141F9}.Release|Any CPU.Build.0 = Release|Any CPU
	EndGlobalSection
	GlobalSection(SolutionProperties) = preSolution
		HideSolutionNode = FALSE
	EndGlobalSection
	GlobalSection(ExtensibilityGlobals) = postSolution
		SolutionGuid = {4E054503-C01D-4795-BEE3-FECEA598D790}
	EndGlobalSection
EndGlobal
